
Microsoft Visual Studio Solution File, Format Version 12.00
# Visual Studio Version 16
VisualStudioVersion = 16.0.29411.108
MinimumVisualStudioVersion = 10.0.40219.1
Project("{FAE04EC0-301F-11D3-BF4B-00C04F79EFBC}") = "OhmCalculator", "OhmCalculator\OhmCalculator.csproj", "{8CFAB213-8D2B-47AD-A79F-EEAD76591457}"
EndProject
Project("{FAE04EC0-301F-11D3-BF4B-00C04F79EFBC}") = "OhmCalculatorTests", "OhmCalculatorTests\OhmCalculatorTests.csproj", "{BB22884F-1E98-47B9-BD4D-9007839FF232}"
EndProject
Global
	GlobalSection(SolutionConfigurationPlatforms) = preSolution
		Debug|Any CPU = Debug|Any CPU
		Release|Any CPU = Release|Any CPU
	EndGlobalSection
	GlobalSection(ProjectConfigurationPlatforms) = postSolution
		{8CFAB213-8D2B-47AD-A79F-EEAD76591457}.Debug|Any CPU.ActiveCfg = Debug|Any CPU
		{8CFAB213-8D2B-47AD-A79F-EEAD76591457}.Debug|Any CPU.Build.0 = Debug|Any CPU
		{8CFAB213-8D2B-47AD-A79F-EEAD76591457}.Release|Any CPU.ActiveCfg = Release|Any CPU
		{8CFAB213-8D2B-47AD-A79F-EEAD76591457}.Release|Any CPU.Build.0 = Release|Any CPU
		{BB22884F-1E98-47B9-BD4D-9007839FF232}.Debug|Any CPU.ActiveCfg = Debug|Any CPU
		{BB22884F-1E98-47B9-BD4D-9007839FF232}.Debug|Any CPU.Build.0 = Debug|Any CPU
		{BB22884F-1E98-47B9-BD4D-9007839FF232}.Release|Any CPU.ActiveCfg = Release|Any CPU
		{BB22884F-1E98-47B9-BD4D-9007839FF232}.Release|Any CPU.Build.0 = Release|Any CPU
	EndGlobalSection
	GlobalSection(SolutionProperties) = preSolution
		HideSolutionNode = FALSE
	EndGlobalSection
	GlobalSection(ExtensibilityGlobals) = postSolution
		SolutionGuid = {F7020A49-3D99-4517-8351-9F0087D380A5}
	EndGlobalSection
EndGlobal
